// !$*UTF8*$!
{
	archiveVersion = 1;
	classes = {
	};
	objectVersion = 54;
	objects = {

/* Begin PBXBuildFile section */
		684A1D0924375B510060B779 /* GameFont.swift in Sources */ = {isa = PBXBuildFile; fileRef = 684A1D0824375B510060B779 /* GameFont.swift */; };
		684A1D0D243768A30060B779 /* SettingsView.swift in Sources */ = {isa = PBXBuildFile; fileRef = 684A1D0C243768A30060B779 /* SettingsView.swift */; };
		684D3E51245A03F1000BEF33 /* Localization.swift in Sources */ = {isa = PBXBuildFile; fileRef = 684D3E50245A03F1000BEF33 /* Localization.swift */; };
		6860FB642882E4FC0051B047 /* TicTacToe.mlpackage in Sources */ = {isa = PBXBuildFile; fileRef = 6860FB632882E4FC0051B047 /* TicTacToe.mlpackage */; };
		68765DB12432BE80004F84E9 /* AppDelegate.swift in Sources */ = {isa = PBXBuildFile; fileRef = 68765DB02432BE80004F84E9 /* AppDelegate.swift */; };
		68765DB32432BE80004F84E9 /* SceneDelegate.swift in Sources */ = {isa = PBXBuildFile; fileRef = 68765DB22432BE80004F84E9 /* SceneDelegate.swift */; };
		68765DB52432BE80004F84E9 /* MainGameView.swift in Sources */ = {isa = PBXBuildFile; fileRef = 68765DB42432BE80004F84E9 /* MainGameView.swift */; };
		68765DB72432BE84004F84E9 /* Assets.xcassets in Resources */ = {isa = PBXBuildFile; fileRef = 68765DB62432BE84004F84E9 /* Assets.xcassets */; };
		68765DBA2432BE84004F84E9 /* Preview Assets.xcassets in Resources */ = {isa = PBXBuildFile; fileRef = 68765DB92432BE84004F84E9 /* Preview Assets.xcassets */; };
		68765DBD2432BE84004F84E9 /* LaunchScreen.storyboard in Resources */ = {isa = PBXBuildFile; fileRef = 68765DBB2432BE84004F84E9 /* LaunchScreen.storyboard */; };
		68765DC52432C92A004F84E9 /* GameCellView.swift in Sources */ = {isa = PBXBuildFile; fileRef = 68765DC42432C92A004F84E9 /* GameCellView.swift */; };
		68765DC7243396AB004F84E9 /* Game.swift in Sources */ = {isa = PBXBuildFile; fileRef = 68765DC6243396AB004F84E9 /* Game.swift */; };
		68765DCC2433D417004F84E9 /* Enemy.swift in Sources */ = {isa = PBXBuildFile; fileRef = 68765DCB2433D417004F84E9 /* Enemy.swift */; };
		68765DD02433D950004F84E9 /* GameCell.swift in Sources */ = {isa = PBXBuildFile; fileRef = 68765DCF2433D950004F84E9 /* GameCell.swift */; };
		68765DD424340CF1004F84E9 /* ErrorView.swift in Sources */ = {isa = PBXBuildFile; fileRef = 68765DD324340CF1004F84E9 /* ErrorView.swift */; };
		68765DD6243539D6004F84E9 /* GameMenuView.swift in Sources */ = {isa = PBXBuildFile; fileRef = 68765DD5243539D6004F84E9 /* GameMenuView.swift */; };
		68765DD9243546E1004F84E9 /* GameEndedView.swift in Sources */ = {isa = PBXBuildFile; fileRef = 68765DD8243546E1004F84E9 /* GameEndedView.swift */; };
		68765DDB24355E11004F84E9 /* GameBoardView.swift in Sources */ = {isa = PBXBuildFile; fileRef = 68765DDA24355E11004F84E9 /* GameBoardView.swift */; };
		68924B292500318100533FD5 /* Sounds in Resources */ = {isa = PBXBuildFile; fileRef = 68924B282500318000533FD5 /* Sounds */; };
		68A70E17244E2974001512C8 /* GameGlobals.swift in Sources */ = {isa = PBXBuildFile; fileRef = 68A70E16244E2974001512C8 /* GameGlobals.swift */; };
		68A70E192452F63B001512C8 /* GameSettingsData.swift in Sources */ = {isa = PBXBuildFile; fileRef = 68A70E182452F63A001512C8 /* GameSettingsData.swift */; };
		68A70E1C2454B8A8001512C8 /* Localizable.strings in Resources */ = {isa = PBXBuildFile; fileRef = 68A70E1E2454B8A8001512C8 /* Localizable.strings */; };
		68CF07FA252786AF0054808B /* Fastlane_Screenshots.swift in Sources */ = {isa = PBXBuildFile; fileRef = 68CF07F9252786AF0054808B /* Fastlane_Screenshots.swift */; };
		68CF0807252786DB0054808B /* SnapshotHelper.swift in Sources */ = {isa = PBXBuildFile; fileRef = 68CF0806252786DB0054808B /* SnapshotHelper.swift */; };
		68CF082325279A080054808B /* Localizable.strings in Resources */ = {isa = PBXBuildFile; fileRef = 68A70E1E2454B8A8001512C8 /* Localizable.strings */; };
		68DB785D2596A32D00AC414E /* GameMenuButtonStyle.swift in Sources */ = {isa = PBXBuildFile; fileRef = 68DB785C2596A32D00AC414E /* GameMenuButtonStyle.swift */; };
		68DB786E2597F99F00AC414E /* GameMenuButtonStyle.swift in Sources */ = {isa = PBXBuildFile; fileRef = 68DB785C2596A32D00AC414E /* GameMenuButtonStyle.swift */; };
		68E2602A27C475CB00DB9EF0 /* GameStatisticsData.swift in Sources */ = {isa = PBXBuildFile; fileRef = 68E2602927C475CB00DB9EF0 /* GameStatisticsData.swift */; };
		68E2602B27C475CB00DB9EF0 /* GameStatisticsData.swift in Sources */ = {isa = PBXBuildFile; fileRef = 68E2602927C475CB00DB9EF0 /* GameStatisticsData.swift */; };
		68E2602D27C513BA00DB9EF0 /* GameStatisticsView.swift in Sources */ = {isa = PBXBuildFile; fileRef = 68E2602C27C513BA00DB9EF0 /* GameStatisticsView.swift */; };
		68E2602E27C513BA00DB9EF0 /* GameStatisticsView.swift in Sources */ = {isa = PBXBuildFile; fileRef = 68E2602C27C513BA00DB9EF0 /* GameStatisticsView.swift */; };
		68E2603027C51A0E00DB9EF0 /* Color.swift in Sources */ = {isa = PBXBuildFile; fileRef = 68E2602F27C51A0E00DB9EF0 /* Color.swift */; };
		68E2603127C51A0E00DB9EF0 /* Color.swift in Sources */ = {isa = PBXBuildFile; fileRef = 68E2602F27C51A0E00DB9EF0 /* Color.swift */; };
		68F34F2B252D16C900D81726 /* MainGameView.swift in Sources */ = {isa = PBXBuildFile; fileRef = 68765DB42432BE80004F84E9 /* MainGameView.swift */; };
		68F34F2C252D16C900D81726 /* SettingsView.swift in Sources */ = {isa = PBXBuildFile; fileRef = 684A1D0C243768A30060B779 /* SettingsView.swift */; };
		68F34F2D252D16C900D81726 /* GameMenuView.swift in Sources */ = {isa = PBXBuildFile; fileRef = 68765DD5243539D6004F84E9 /* GameMenuView.swift */; };
		68F34F2E252D16C900D81726 /* GameEndedView.swift in Sources */ = {isa = PBXBuildFile; fileRef = 68765DD8243546E1004F84E9 /* GameEndedView.swift */; };
		68F34F2F252D16C900D81726 /* GameCellView.swift in Sources */ = {isa = PBXBuildFile; fileRef = 68765DC42432C92A004F84E9 /* GameCellView.swift */; };
		68F34F30252D16C900D81726 /* GameBoardView.swift in Sources */ = {isa = PBXBuildFile; fileRef = 68765DDA24355E11004F84E9 /* GameBoardView.swift */; };
		68F34F31252D16C900D81726 /* ErrorView.swift in Sources */ = {isa = PBXBuildFile; fileRef = 68765DD324340CF1004F84E9 /* ErrorView.swift */; };
		68F34F34252D16D000D81726 /* GameCell.swift in Sources */ = {isa = PBXBuildFile; fileRef = 68765DCF2433D950004F84E9 /* GameCell.swift */; };
		68F34F35252D16D000D81726 /* Enemy.swift in Sources */ = {isa = PBXBuildFile; fileRef = 68765DCB2433D417004F84E9 /* Enemy.swift */; };
		68F34F36252D16D000D81726 /* Game.swift in Sources */ = {isa = PBXBuildFile; fileRef = 68765DC6243396AB004F84E9 /* Game.swift */; };
		68F34F39252D16D600D81726 /* GameSettingsData.swift in Sources */ = {isa = PBXBuildFile; fileRef = 68A70E182452F63A001512C8 /* GameSettingsData.swift */; };
		68F34F3A252D16D600D81726 /* GameGlobals.swift in Sources */ = {isa = PBXBuildFile; fileRef = 68A70E16244E2974001512C8 /* GameGlobals.swift */; };
		68F34F3B252D16D600D81726 /* AppDelegate.swift in Sources */ = {isa = PBXBuildFile; fileRef = 68765DB02432BE80004F84E9 /* AppDelegate.swift */; };
		68F34F3C252D16D600D81726 /* GameFont.swift in Sources */ = {isa = PBXBuildFile; fileRef = 684A1D0824375B510060B779 /* GameFont.swift */; };
		68F34F3D252D16D600D81726 /* Localization.swift in Sources */ = {isa = PBXBuildFile; fileRef = 684D3E50245A03F1000BEF33 /* Localization.swift */; };
		68F34F3E252D16D600D81726 /* SceneDelegate.swift in Sources */ = {isa = PBXBuildFile; fileRef = 68765DB22432BE80004F84E9 /* SceneDelegate.swift */; };
/* End PBXBuildFile section */

/* Begin PBXContainerItemProxy section */
		68CF07FC252786AF0054808B /* PBXContainerItemProxy */ = {
			isa = PBXContainerItemProxy;
			containerPortal = 68765DA52432BE80004F84E9 /* Project object */;
			proxyType = 1;
			remoteGlobalIDString = 68765DAC2432BE80004F84E9;
			remoteInfo = ThreeT;
		};
/* End PBXContainerItemProxy section */

/* Begin PBXFileReference section */
		684957E925277B990047DE47 /* LICENSE */ = {isa = PBXFileReference; lastKnownFileType = text; path = LICENSE; sourceTree = "<group>"; };
		684957EA25277B990047DE47 /* README.md */ = {isa = PBXFileReference; lastKnownFileType = net.daringfireball.markdown; path = README.md; sourceTree = "<group>"; };
		684957EB25277B990047DE47 /* Snapfile */ = {isa = PBXFileReference; lastKnownFileType = text; path = Snapfile; sourceTree = "<group>"; };
		684957EC25277B9A0047DE47 /* Gemfile */ = {isa = PBXFileReference; lastKnownFileType = text; path = Gemfile; sourceTree = "<group>"; };
		684A1D0824375B510060B779 /* GameFont.swift */ = {isa = PBXFileReference; lastKnownFileType = sourcecode.swift; path = GameFont.swift; sourceTree = "<group>"; };
		684A1D0C243768A30060B779 /* SettingsView.swift */ = {isa = PBXFileReference; lastKnownFileType = sourcecode.swift; path = SettingsView.swift; sourceTree = "<group>"; };
		684D3E50245A03F1000BEF33 /* Localization.swift */ = {isa = PBXFileReference; lastKnownFileType = sourcecode.swift; path = Localization.swift; sourceTree = "<group>"; };
		6860FB632882E4FC0051B047 /* TicTacToe.mlpackage */ = {isa = PBXFileReference; lastKnownFileType = folder.mlpackage; path = TicTacToe.mlpackage; sourceTree = "<group>"; };
		68765DAD2432BE80004F84E9 /* ThreeT.app */ = {isa = PBXFileReference; explicitFileType = wrapper.application; includeInIndex = 0; path = ThreeT.app; sourceTree = BUILT_PRODUCTS_DIR; };
		68765DB02432BE80004F84E9 /* AppDelegate.swift */ = {isa = PBXFileReference; lastKnownFileType = sourcecode.swift; path = AppDelegate.swift; sourceTree = "<group>"; };
		68765DB22432BE80004F84E9 /* SceneDelegate.swift */ = {isa = PBXFileReference; lastKnownFileType = sourcecode.swift; path = SceneDelegate.swift; sourceTree = "<group>"; };
		68765DB42432BE80004F84E9 /* MainGameView.swift */ = {isa = PBXFileReference; lastKnownFileType = sourcecode.swift; path = MainGameView.swift; sourceTree = "<group>"; };
		68765DB62432BE84004F84E9 /* Assets.xcassets */ = {isa = PBXFileReference; lastKnownFileType = folder.assetcatalog; path = Assets.xcassets; sourceTree = "<group>"; };
		68765DB92432BE84004F84E9 /* Preview Assets.xcassets */ = {isa = PBXFileReference; lastKnownFileType = folder.assetcatalog; path = "Preview Assets.xcassets"; sourceTree = "<group>"; };
		68765DBC2432BE84004F84E9 /* Base */ = {isa = PBXFileReference; lastKnownFileType = file.storyboard; name = Base; path = Base.lproj/LaunchScreen.storyboard; sourceTree = "<group>"; };
		68765DBE2432BE84004F84E9 /* Info.plist */ = {isa = PBXFileReference; lastKnownFileType = text.plist.xml; path = Info.plist; sourceTree = "<group>"; };
		68765DC42432C92A004F84E9 /* GameCellView.swift */ = {isa = PBXFileReference; lastKnownFileType = sourcecode.swift; path = GameCellView.swift; sourceTree = "<group>"; };
		68765DC6243396AB004F84E9 /* Game.swift */ = {isa = PBXFileReference; lastKnownFileType = sourcecode.swift; path = Game.swift; sourceTree = "<group>"; };
		68765DCB2433D417004F84E9 /* Enemy.swift */ = {isa = PBXFileReference; lastKnownFileType = sourcecode.swift; path = Enemy.swift; sourceTree = "<group>"; };
		68765DCF2433D950004F84E9 /* GameCell.swift */ = {isa = PBXFileReference; lastKnownFileType = sourcecode.swift; path = GameCell.swift; sourceTree = "<group>"; };
		68765DD324340CF1004F84E9 /* ErrorView.swift */ = {isa = PBXFileReference; lastKnownFileType = sourcecode.swift; path = ErrorView.swift; sourceTree = "<group>"; };
		68765DD5243539D6004F84E9 /* GameMenuView.swift */ = {isa = PBXFileReference; lastKnownFileType = sourcecode.swift; path = GameMenuView.swift; sourceTree = "<group>"; };
		68765DD724353E6D004F84E9 /* ThreeT.entitlements */ = {isa = PBXFileReference; lastKnownFileType = text.plist.entitlements; path = ThreeT.entitlements; sourceTree = "<group>"; };
		68765DD8243546E1004F84E9 /* GameEndedView.swift */ = {isa = PBXFileReference; lastKnownFileType = sourcecode.swift; path = GameEndedView.swift; sourceTree = "<group>"; };
		68765DDA24355E11004F84E9 /* GameBoardView.swift */ = {isa = PBXFileReference; lastKnownFileType = sourcecode.swift; path = GameBoardView.swift; sourceTree = "<group>"; };
		68924B282500318000533FD5 /* Sounds */ = {isa = PBXFileReference; lastKnownFileType = folder; path = Sounds; sourceTree = "<group>"; };
		68A70E16244E2974001512C8 /* GameGlobals.swift */ = {isa = PBXFileReference; lastKnownFileType = sourcecode.swift; path = GameGlobals.swift; sourceTree = "<group>"; };
		68A70E182452F63A001512C8 /* GameSettingsData.swift */ = {isa = PBXFileReference; lastKnownFileType = sourcecode.swift; path = GameSettingsData.swift; sourceTree = "<group>"; };
		68A70E1D2454B8A8001512C8 /* en */ = {isa = PBXFileReference; lastKnownFileType = text.plist.strings; name = en; path = en.lproj/Localizable.strings; sourceTree = "<group>"; };
		68A70E1F2454B94C001512C8 /* de */ = {isa = PBXFileReference; lastKnownFileType = text.plist.strings; name = de; path = de.lproj/Localizable.strings; sourceTree = "<group>"; };
		68A70E202454B94C001512C8 /* de */ = {isa = PBXFileReference; lastKnownFileType = text.plist.strings; name = de; path = de.lproj/LaunchScreen.strings; sourceTree = "<group>"; };
		68CF07F7252786AF0054808B /* Fastlane Screenshots.xctest */ = {isa = PBXFileReference; explicitFileType = wrapper.cfbundle; includeInIndex = 0; path = "Fastlane Screenshots.xctest"; sourceTree = BUILT_PRODUCTS_DIR; };
		68CF07F9252786AF0054808B /* Fastlane_Screenshots.swift */ = {isa = PBXFileReference; lastKnownFileType = sourcecode.swift; path = Fastlane_Screenshots.swift; sourceTree = "<group>"; };
		68CF07FB252786AF0054808B /* Info.plist */ = {isa = PBXFileReference; lastKnownFileType = text.plist.xml; path = Info.plist; sourceTree = "<group>"; };
		68CF0806252786DB0054808B /* SnapshotHelper.swift */ = {isa = PBXFileReference; lastKnownFileType = sourcecode.swift; path = SnapshotHelper.swift; sourceTree = "<group>"; };
		68CF08262527ADB40054808B /* fastlane */ = {isa = PBXFileReference; lastKnownFileType = folder; path = fastlane; sourceTree = "<group>"; };
		68DB785C2596A32D00AC414E /* GameMenuButtonStyle.swift */ = {isa = PBXFileReference; lastKnownFileType = sourcecode.swift; path = GameMenuButtonStyle.swift; sourceTree = "<group>"; };
		68E2602927C475CB00DB9EF0 /* GameStatisticsData.swift */ = {isa = PBXFileReference; lastKnownFileType = sourcecode.swift; path = GameStatisticsData.swift; sourceTree = "<group>"; };
		68E2602C27C513BA00DB9EF0 /* GameStatisticsView.swift */ = {isa = PBXFileReference; lastKnownFileType = sourcecode.swift; path = GameStatisticsView.swift; sourceTree = "<group>"; };
		68E2602F27C51A0E00DB9EF0 /* Color.swift */ = {isa = PBXFileReference; lastKnownFileType = sourcecode.swift; path = Color.swift; sourceTree = "<group>"; };
/* End PBXFileReference section */

/* Begin PBXFrameworksBuildPhase section */
		68765DAA2432BE80004F84E9 /* Frameworks */ = {
			isa = PBXFrameworksBuildPhase;
			buildActionMask = 2147483647;
			files = (
			);
			runOnlyForDeploymentPostprocessing = 0;
		};
		68CF07F4252786AF0054808B /* Frameworks */ = {
			isa = PBXFrameworksBuildPhase;
			buildActionMask = 2147483647;
			files = (
			);
			runOnlyForDeploymentPostprocessing = 0;
		};
/* End PBXFrameworksBuildPhase section */

/* Begin PBXGroup section */
		68765DA42432BE80004F84E9 = {
			isa = PBXGroup;
			children = (
				68CF08262527ADB40054808B /* fastlane */,
				68765DAF2432BE80004F84E9 /* ThreeT */,
				68CF07F8252786AF0054808B /* Fastlane Screenshots */,
				684957EC25277B9A0047DE47 /* Gemfile */,
				684957E925277B990047DE47 /* LICENSE */,
				684957EA25277B990047DE47 /* README.md */,
				684957EB25277B990047DE47 /* Snapfile */,
				68765DAE2432BE80004F84E9 /* Products */,
			);
			sourceTree = "<group>";
		};
		68765DAE2432BE80004F84E9 /* Products */ = {
			isa = PBXGroup;
			children = (
				68765DAD2432BE80004F84E9 /* ThreeT.app */,
				68CF07F7252786AF0054808B /* Fastlane Screenshots.xctest */,
			);
			name = Products;
			sourceTree = "<group>";
		};
		68765DAF2432BE80004F84E9 /* ThreeT */ = {
			isa = PBXGroup;
			children = (
				68924B282500318000533FD5 /* Sounds */,
				68765DC8243396D2004F84E9 /* Sources */,
				68765DB62432BE84004F84E9 /* Assets.xcassets */,
				6860FB632882E4FC0051B047 /* TicTacToe.mlpackage */,
				68765DBB2432BE84004F84E9 /* LaunchScreen.storyboard */,
				68765DBE2432BE84004F84E9 /* Info.plist */,
				68A70E1E2454B8A8001512C8 /* Localizable.strings */,
				68765DD724353E6D004F84E9 /* ThreeT.entitlements */,
				68765DB82432BE84004F84E9 /* Preview Content */,
			);
			path = ThreeT;
			sourceTree = "<group>";
		};
		68765DB82432BE84004F84E9 /* Preview Content */ = {
			isa = PBXGroup;
			children = (
				68765DB92432BE84004F84E9 /* Preview Assets.xcassets */,
			);
			path = "Preview Content";
			sourceTree = "<group>";
		};
		68765DC8243396D2004F84E9 /* Sources */ = {
			isa = PBXGroup;
			children = (
				68E2602827B7F98A00DB9EF0 /* Shared */,
				68765DCE2433D443004F84E9 /* Game */,
				68765DCD2433D434004F84E9 /* Views */,
				68765DB02432BE80004F84E9 /* AppDelegate.swift */,
				68765DB22432BE80004F84E9 /* SceneDelegate.swift */,
			);
			path = Sources;
			sourceTree = "<group>";
		};
		68765DCD2433D434004F84E9 /* Views */ = {
			isa = PBXGroup;
			children = (
				68765DD324340CF1004F84E9 /* ErrorView.swift */,
				68765DDA24355E11004F84E9 /* GameBoardView.swift */,
				68765DC42432C92A004F84E9 /* GameCellView.swift */,
				68765DD8243546E1004F84E9 /* GameEndedView.swift */,
				68765DD5243539D6004F84E9 /* GameMenuView.swift */,
				68E2602C27C513BA00DB9EF0 /* GameStatisticsView.swift */,
				68765DB42432BE80004F84E9 /* MainGameView.swift */,
				684A1D0C243768A30060B779 /* SettingsView.swift */,
			);
			path = Views;
			sourceTree = "<group>";
		};
		68765DCE2433D443004F84E9 /* Game */ = {
			isa = PBXGroup;
			children = (
				68765DC6243396AB004F84E9 /* Game.swift */,
				68765DCF2433D950004F84E9 /* GameCell.swift */,
				68765DCB2433D417004F84E9 /* Enemy.swift */,
			);
			path = Game;
			sourceTree = "<group>";
		};
		68CF07F8252786AF0054808B /* Fastlane Screenshots */ = {
			isa = PBXGroup;
			children = (
				68CF07F9252786AF0054808B /* Fastlane_Screenshots.swift */,
				68CF0806252786DB0054808B /* SnapshotHelper.swift */,
				68CF07FB252786AF0054808B /* Info.plist */,
			);
			path = "Fastlane Screenshots";
			sourceTree = "<group>";
		};
		68E2602827B7F98A00DB9EF0 /* Shared */ = {
			isa = PBXGroup;
			children = (
				68E2602F27C51A0E00DB9EF0 /* Color.swift */,
				684A1D0824375B510060B779 /* GameFont.swift */,
				68A70E16244E2974001512C8 /* GameGlobals.swift */,
				68A70E182452F63A001512C8 /* GameSettingsData.swift */,
				68E2602927C475CB00DB9EF0 /* GameStatisticsData.swift */,
				684D3E50245A03F1000BEF33 /* Localization.swift */,
				68DB785C2596A32D00AC414E /* GameMenuButtonStyle.swift */,
			);
			path = Shared;
			sourceTree = "<group>";
		};
/* End PBXGroup section */

/* Begin PBXNativeTarget section */
		68765DAC2432BE80004F84E9 /* ThreeT */ = {
			isa = PBXNativeTarget;
			buildConfigurationList = 68765DC12432BE84004F84E9 /* Build configuration list for PBXNativeTarget "ThreeT" */;
			buildPhases = (
				68765DA92432BE80004F84E9 /* Sources */,
				68765DAA2432BE80004F84E9 /* Frameworks */,
				68765DAB2432BE80004F84E9 /* Resources */,
			);
			buildRules = (
			);
			dependencies = (
			);
			name = ThreeT;
			productName = ThreeT;
			productReference = 68765DAD2432BE80004F84E9 /* ThreeT.app */;
			productType = "com.apple.product-type.application";
		};
		68CF07F6252786AF0054808B /* Fastlane Screenshots */ = {
			isa = PBXNativeTarget;
			buildConfigurationList = 68CF07FE252786AF0054808B /* Build configuration list for PBXNativeTarget "Fastlane Screenshots" */;
			buildPhases = (
				68CF07F3252786AF0054808B /* Sources */,
				68CF07F4252786AF0054808B /* Frameworks */,
				68CF07F5252786AF0054808B /* Resources */,
			);
			buildRules = (
			);
			dependencies = (
				68CF07FD252786AF0054808B /* PBXTargetDependency */,
			);
			name = "Fastlane Screenshots";
			productName = "Fastlane Screenshots";
			productReference = 68CF07F7252786AF0054808B /* Fastlane Screenshots.xctest */;
			productType = "com.apple.product-type.bundle.ui-testing";
		};
/* End PBXNativeTarget section */

/* Begin PBXProject section */
		68765DA52432BE80004F84E9 /* Project object */ = {
			isa = PBXProject;
			attributes = {
				BuildIndependentTargetsInParallel = YES;
				LastSwiftUpdateCheck = 1200;
				LastUpgradeCheck = 2600;
				ORGANIZATIONNAME = "Martin Albrecht";
				TargetAttributes = {
					68765DAC2432BE80004F84E9 = {
						CreatedOnToolsVersion = 11.3.1;
					};
					68CF07F6252786AF0054808B = {
						CreatedOnToolsVersion = 12.0.1;
						TestTargetID = 68765DAC2432BE80004F84E9;
					};
				};
			};
			buildConfigurationList = 68765DA82432BE80004F84E9 /* Build configuration list for PBXProject "ThreeT" */;
			compatibilityVersion = "Xcode 9.3";
			developmentRegion = en;
			hasScannedForEncodings = 0;
			knownRegions = (
				en,
				Base,
				de,
			);
			mainGroup = 68765DA42432BE80004F84E9;
			productRefGroup = 68765DAE2432BE80004F84E9 /* Products */;
			projectDirPath = "";
			projectRoot = "";
			targets = (
				68765DAC2432BE80004F84E9 /* ThreeT */,
				68CF07F6252786AF0054808B /* Fastlane Screenshots */,
			);
		};
/* End PBXProject section */

/* Begin PBXResourcesBuildPhase section */
		68765DAB2432BE80004F84E9 /* Resources */ = {
			isa = PBXResourcesBuildPhase;
			buildActionMask = 2147483647;
			files = (
				68A70E1C2454B8A8001512C8 /* Localizable.strings in Resources */,
				68765DBD2432BE84004F84E9 /* LaunchScreen.storyboard in Resources */,
				68765DBA2432BE84004F84E9 /* Preview Assets.xcassets in Resources */,
				68765DB72432BE84004F84E9 /* Assets.xcassets in Resources */,
				68924B292500318100533FD5 /* Sounds in Resources */,
			);
			runOnlyForDeploymentPostprocessing = 0;
		};
		68CF07F5252786AF0054808B /* Resources */ = {
			isa = PBXResourcesBuildPhase;
			buildActionMask = 2147483647;
			files = (
				68CF082325279A080054808B /* Localizable.strings in Resources */,
			);
			runOnlyForDeploymentPostprocessing = 0;
		};
/* End PBXResourcesBuildPhase section */

/* Begin PBXSourcesBuildPhase section */
		68765DA92432BE80004F84E9 /* Sources */ = {
			isa = PBXSourcesBuildPhase;
			buildActionMask = 2147483647;
			files = (
				68765DB12432BE80004F84E9 /* AppDelegate.swift in Sources */,
				68765DC7243396AB004F84E9 /* Game.swift in Sources */,
				68765DCC2433D417004F84E9 /* Enemy.swift in Sources */,
				68765DDB24355E11004F84E9 /* GameBoardView.swift in Sources */,
				68765DB32432BE80004F84E9 /* SceneDelegate.swift in Sources */,
				68A70E17244E2974001512C8 /* GameGlobals.swift in Sources */,
				6860FB642882E4FC0051B047 /* TicTacToe.mlpackage in Sources */,
				684D3E51245A03F1000BEF33 /* Localization.swift in Sources */,
				68765DD9243546E1004F84E9 /* GameEndedView.swift in Sources */,
				68E2602A27C475CB00DB9EF0 /* GameStatisticsData.swift in Sources */,
				68E2602D27C513BA00DB9EF0 /* GameStatisticsView.swift in Sources */,
				684A1D0D243768A30060B779 /* SettingsView.swift in Sources */,
				68A70E192452F63B001512C8 /* GameSettingsData.swift in Sources */,
				68765DB52432BE80004F84E9 /* MainGameView.swift in Sources */,
				68E2603027C51A0E00DB9EF0 /* Color.swift in Sources */,
				68765DC52432C92A004F84E9 /* GameCellView.swift in Sources */,
				684A1D0924375B510060B779 /* GameFont.swift in Sources */,
				68765DD6243539D6004F84E9 /* GameMenuView.swift in Sources */,
				68DB785D2596A32D00AC414E /* GameMenuButtonStyle.swift in Sources */,
				68765DD02433D950004F84E9 /* GameCell.swift in Sources */,
				68765DD424340CF1004F84E9 /* ErrorView.swift in Sources */,
			);
			runOnlyForDeploymentPostprocessing = 0;
		};
		68CF07F3252786AF0054808B /* Sources */ = {
			isa = PBXSourcesBuildPhase;
			buildActionMask = 2147483647;
			files = (
				68F34F2D252D16C900D81726 /* GameMenuView.swift in Sources */,
				68F34F3D252D16D600D81726 /* Localization.swift in Sources */,
				68CF07FA252786AF0054808B /* Fastlane_Screenshots.swift in Sources */,
				68F34F39252D16D600D81726 /* GameSettingsData.swift in Sources */,
				68E2602E27C513BA00DB9EF0 /* GameStatisticsView.swift in Sources */,
				68F34F3B252D16D600D81726 /* AppDelegate.swift in Sources */,
				68F34F2E252D16C900D81726 /* GameEndedView.swift in Sources */,
				68F34F35252D16D000D81726 /* Enemy.swift in Sources */,
				68F34F30252D16C900D81726 /* GameBoardView.swift in Sources */,
				68E2602B27C475CB00DB9EF0 /* GameStatisticsData.swift in Sources */,
				68F34F2F252D16C900D81726 /* GameCellView.swift in Sources */,
				68F34F34252D16D000D81726 /* GameCell.swift in Sources */,
				68F34F36252D16D000D81726 /* Game.swift in Sources */,
				68E2603127C51A0E00DB9EF0 /* Color.swift in Sources */,
				68F34F3E252D16D600D81726 /* SceneDelegate.swift in Sources */,
				68F34F3C252D16D600D81726 /* GameFont.swift in Sources */,
				68F34F2C252D16C900D81726 /* SettingsView.swift in Sources */,
				68CF0807252786DB0054808B /* SnapshotHelper.swift in Sources */,
				68F34F31252D16C900D81726 /* ErrorView.swift in Sources */,
				68DB786E2597F99F00AC414E /* GameMenuButtonStyle.swift in Sources */,
				68F34F3A252D16D600D81726 /* GameGlobals.swift in Sources */,
				68F34F2B252D16C900D81726 /* MainGameView.swift in Sources */,
			);
			runOnlyForDeploymentPostprocessing = 0;
		};
/* End PBXSourcesBuildPhase section */

/* Begin PBXTargetDependency section */
		68CF07FD252786AF0054808B /* PBXTargetDependency */ = {
			isa = PBXTargetDependency;
			target = 68765DAC2432BE80004F84E9 /* ThreeT */;
			targetProxy = 68CF07FC252786AF0054808B /* PBXContainerItemProxy */;
		};
/* End PBXTargetDependency section */

/* Begin PBXVariantGroup section */
		68765DBB2432BE84004F84E9 /* LaunchScreen.storyboard */ = {
			isa = PBXVariantGroup;
			children = (
				68765DBC2432BE84004F84E9 /* Base */,
				68A70E202454B94C001512C8 /* de */,
			);
			name = LaunchScreen.storyboard;
			sourceTree = "<group>";
		};
		68A70E1E2454B8A8001512C8 /* Localizable.strings */ = {
			isa = PBXVariantGroup;
			children = (
				68A70E1D2454B8A8001512C8 /* en */,
				68A70E1F2454B94C001512C8 /* de */,
			);
			name = Localizable.strings;
			sourceTree = "<group>";
		};
/* End PBXVariantGroup section */

/* Begin XCBuildConfiguration section */
		68765DBF2432BE84004F84E9 /* Debug */ = {
			isa = XCBuildConfiguration;
			buildSettings = {
				ALWAYS_SEARCH_USER_PATHS = NO;
				ASSETCATALOG_COMPILER_GENERATE_SWIFT_ASSET_SYMBOL_EXTENSIONS = YES;
				CLANG_ANALYZER_LOCALIZABILITY_NONLOCALIZED = YES;
				CLANG_ANALYZER_NONNULL = YES;
				CLANG_ANALYZER_NUMBER_OBJECT_CONVERSION = YES_AGGRESSIVE;
				CLANG_CXX_LANGUAGE_STANDARD = "gnu++14";
				CLANG_CXX_LIBRARY = "libc++";
				CLANG_ENABLE_MODULES = YES;
				CLANG_ENABLE_OBJC_ARC = YES;
				CLANG_ENABLE_OBJC_WEAK = YES;
				CLANG_WARN_BLOCK_CAPTURE_AUTORELEASING = YES;
				CLANG_WARN_BOOL_CONVERSION = YES;
				CLANG_WARN_COMMA = YES;
				CLANG_WARN_CONSTANT_CONVERSION = YES;
				CLANG_WARN_DEPRECATED_OBJC_IMPLEMENTATIONS = YES;
				CLANG_WARN_DIRECT_OBJC_ISA_USAGE = YES_ERROR;
				CLANG_WARN_DOCUMENTATION_COMMENTS = YES;
				CLANG_WARN_EMPTY_BODY = YES;
				CLANG_WARN_ENUM_CONVERSION = YES;
				CLANG_WARN_INFINITE_RECURSION = YES;
				CLANG_WARN_INT_CONVERSION = YES;
				CLANG_WARN_NON_LITERAL_NULL_CONVERSION = YES;
				CLANG_WARN_OBJC_IMPLICIT_RETAIN_SELF = YES;
				CLANG_WARN_OBJC_LITERAL_CONVERSION = YES;
				CLANG_WARN_OBJC_ROOT_CLASS = YES_ERROR;
				CLANG_WARN_QUOTED_INCLUDE_IN_FRAMEWORK_HEADER = YES;
				CLANG_WARN_RANGE_LOOP_ANALYSIS = YES;
				CLANG_WARN_STRICT_PROTOTYPES = YES;
				CLANG_WARN_SUSPICIOUS_MOVE = YES;
				CLANG_WARN_UNGUARDED_AVAILABILITY = YES_AGGRESSIVE;
				CLANG_WARN_UNREACHABLE_CODE = YES;
				CLANG_WARN__DUPLICATE_METHOD_MATCH = YES;
				COPY_PHASE_STRIP = NO;
				DEBUG_INFORMATION_FORMAT = dwarf;
				DEVELOPMENT_TEAM = 4TM9NALPC3;
				ENABLE_STRICT_OBJC_MSGSEND = YES;
				ENABLE_TESTABILITY = YES;
				ENABLE_USER_SCRIPT_SANDBOXING = YES;
				GCC_C_LANGUAGE_STANDARD = gnu11;
				GCC_DYNAMIC_NO_PIC = NO;
				GCC_NO_COMMON_BLOCKS = YES;
				GCC_OPTIMIZATION_LEVEL = 0;
				GCC_PREPROCESSOR_DEFINITIONS = (
					"DEBUG=1",
					"$(inherited)",
				);
				GCC_WARN_64_TO_32_BIT_CONVERSION = YES;
				GCC_WARN_ABOUT_RETURN_TYPE = YES_ERROR;
				GCC_WARN_UNDECLARED_SELECTOR = YES;
				GCC_WARN_UNINITIALIZED_AUTOS = YES_AGGRESSIVE;
				GCC_WARN_UNUSED_FUNCTION = YES;
				GCC_WARN_UNUSED_VARIABLE = YES;
				IPHONEOS_DEPLOYMENT_TARGET = 13.0;
				MTL_ENABLE_DEBUG_INFO = INCLUDE_SOURCE;
				MTL_FAST_MATH = YES;
				ONLY_ACTIVE_ARCH = YES;
				SDKROOT = iphoneos;
				STRING_CATALOG_GENERATE_SYMBOLS = YES;
				SWIFT_ACTIVE_COMPILATION_CONDITIONS = DEBUG;
				SWIFT_OPTIMIZATION_LEVEL = "-Onone";
			};
			name = Debug;
		};
		68765DC02432BE84004F84E9 /* Release */ = {
			isa = XCBuildConfiguration;
			buildSettings = {
				ALWAYS_SEARCH_USER_PATHS = NO;
				ASSETCATALOG_COMPILER_GENERATE_SWIFT_ASSET_SYMBOL_EXTENSIONS = YES;
				CLANG_ANALYZER_LOCALIZABILITY_NONLOCALIZED = YES;
				CLANG_ANALYZER_NONNULL = YES;
				CLANG_ANALYZER_NUMBER_OBJECT_CONVERSION = YES_AGGRESSIVE;
				CLANG_CXX_LANGUAGE_STANDARD = "gnu++14";
				CLANG_CXX_LIBRARY = "libc++";
				CLANG_ENABLE_MODULES = YES;
				CLANG_ENABLE_OBJC_ARC = YES;
				CLANG_ENABLE_OBJC_WEAK = YES;
				CLANG_WARN_BLOCK_CAPTURE_AUTORELEASING = YES;
				CLANG_WARN_BOOL_CONVERSION = YES;
				CLANG_WARN_COMMA = YES;
				CLANG_WARN_CONSTANT_CONVERSION = YES;
				CLANG_WARN_DEPRECATED_OBJC_IMPLEMENTATIONS = YES;
				CLANG_WARN_DIRECT_OBJC_ISA_USAGE = YES_ERROR;
				CLANG_WARN_DOCUMENTATION_COMMENTS = YES;
				CLANG_WARN_EMPTY_BODY = YES;
				CLANG_WARN_ENUM_CONVERSION = YES;
				CLANG_WARN_INFINITE_RECURSION = YES;
				CLANG_WARN_INT_CONVERSION = YES;
				CLANG_WARN_NON_LITERAL_NULL_CONVERSION = YES;
				CLANG_WARN_OBJC_IMPLICIT_RETAIN_SELF = YES;
				CLANG_WARN_OBJC_LITERAL_CONVERSION = YES;
				CLANG_WARN_OBJC_ROOT_CLASS = YES_ERROR;
				CLANG_WARN_QUOTED_INCLUDE_IN_FRAMEWORK_HEADER = YES;
				CLANG_WARN_RANGE_LOOP_ANALYSIS = YES;
				CLANG_WARN_STRICT_PROTOTYPES = YES;
				CLANG_WARN_SUSPICIOUS_MOVE = YES;
				CLANG_WARN_UNGUARDED_AVAILABILITY = YES_AGGRESSIVE;
				CLANG_WARN_UNREACHABLE_CODE = YES;
				CLANG_WARN__DUPLICATE_METHOD_MATCH = YES;
				COPY_PHASE_STRIP = NO;
				DEBUG_INFORMATION_FORMAT = "dwarf-with-dsym";
				DEVELOPMENT_TEAM = 4TM9NALPC3;
				ENABLE_NS_ASSERTIONS = NO;
				ENABLE_STRICT_OBJC_MSGSEND = YES;
				ENABLE_USER_SCRIPT_SANDBOXING = YES;
				GCC_C_LANGUAGE_STANDARD = gnu11;
				GCC_NO_COMMON_BLOCKS = YES;
				GCC_WARN_64_TO_32_BIT_CONVERSION = YES;
				GCC_WARN_ABOUT_RETURN_TYPE = YES_ERROR;
				GCC_WARN_UNDECLARED_SELECTOR = YES;
				GCC_WARN_UNINITIALIZED_AUTOS = YES_AGGRESSIVE;
				GCC_WARN_UNUSED_FUNCTION = YES;
				GCC_WARN_UNUSED_VARIABLE = YES;
				IPHONEOS_DEPLOYMENT_TARGET = 13.0;
				MTL_ENABLE_DEBUG_INFO = NO;
				MTL_FAST_MATH = YES;
				SDKROOT = iphoneos;
				STRING_CATALOG_GENERATE_SYMBOLS = YES;
				SWIFT_COMPILATION_MODE = wholemodule;
				SWIFT_OPTIMIZATION_LEVEL = "-O";
				VALIDATE_PRODUCT = YES;
			};
			name = Release;
		};
		68765DC22432BE84004F84E9 /* Debug */ = {
			isa = XCBuildConfiguration;
			buildSettings = {
				ASSETCATALOG_COMPILER_APPICON_NAME = AppIcon;
				ASSETCATALOG_COMPILER_INCLUDE_ALL_APPICON_ASSETS = NO;
				CODE_SIGN_ENTITLEMENTS = ThreeT/ThreeT.entitlements;
				CODE_SIGN_IDENTITY = "Apple Development";
				"CODE_SIGN_IDENTITY[sdk=macosx*]" = "-";
				CODE_SIGN_STYLE = Automatic;
				CURRENT_PROJECT_VERSION = 21;
				DEVELOPMENT_ASSET_PATHS = "\"ThreeT/Preview Content\"";
				ENABLE_APP_SANDBOX = YES;
				ENABLE_OUTGOING_NETWORK_CONNECTIONS = YES;
				ENABLE_PREVIEWS = YES;
				INFOPLIST_FILE = ThreeT/Info.plist;
				LD_RUNPATH_SEARCH_PATHS = (
					"$(inherited)",
					"@executable_path/Frameworks",
				);
				MARKETING_VERSION = 1.5.1;
				PRODUCT_BUNDLE_IDENTIFIER = de.seriousmonkey.threet;
				PRODUCT_NAME = ThreeT;
				PROVISIONING_PROFILE_SPECIFIER = "";
				"PROVISIONING_PROFILE_SPECIFIER[sdk=macosx*]" = "";
				SUPPORTS_MACCATALYST = YES;
				SUPPORTS_MAC_DESIGNED_FOR_IPHONE_IPAD = NO;
				SWIFT_VERSION = 5.0;
				TARGETED_DEVICE_FAMILY = "1,2";
			};
			name = Debug;
		};
		68765DC32432BE84004F84E9 /* Release */ = {
			isa = XCBuildConfiguration;
			buildSettings = {
				ASSETCATALOG_COMPILER_APPICON_NAME = AppIcon;
				ASSETCATALOG_COMPILER_INCLUDE_ALL_APPICON_ASSETS = NO;
				CODE_SIGN_ENTITLEMENTS = ThreeT/ThreeT.entitlements;
				CODE_SIGN_IDENTITY = "Apple Development";
				"CODE_SIGN_IDENTITY[sdk=macosx*]" = "-";
				CODE_SIGN_STYLE = Automatic;
				CURRENT_PROJECT_VERSION = 21;
				DEVELOPMENT_ASSET_PATHS = "\"ThreeT/Preview Content\"";
				ENABLE_APP_SANDBOX = YES;
				ENABLE_OUTGOING_NETWORK_CONNECTIONS = YES;
				ENABLE_PREVIEWS = YES;
				INFOPLIST_FILE = ThreeT/Info.plist;
				LD_RUNPATH_SEARCH_PATHS = (
					"$(inherited)",
					"@executable_path/Frameworks",
				);
				MARKETING_VERSION = 1.5.1;
				PRODUCT_BUNDLE_IDENTIFIER = de.seriousmonkey.threet;
				PRODUCT_NAME = ThreeT;
				PROVISIONING_PROFILE_SPECIFIER = "";
				"PROVISIONING_PROFILE_SPECIFIER[sdk=macosx*]" = "";
				SUPPORTS_MACCATALYST = YES;
				SUPPORTS_MAC_DESIGNED_FOR_IPHONE_IPAD = NO;
				SWIFT_VERSION = 5.0;
				TARGETED_DEVICE_FAMILY = "1,2";
			};
			name = Release;
		};
		68CF07FF252786AF0054808B /* Debug */ = {
			isa = XCBuildConfiguration;
			buildSettings = {
				CODE_SIGN_IDENTITY = "Apple Development";
				"CODE_SIGN_IDENTITY[sdk=macosx*]" = "Apple Development";
				CODE_SIGN_STYLE = Automatic;
				INFOPLIST_FILE = "Fastlane Screenshots/Info.plist";
				IPHONEOS_DEPLOYMENT_TARGET = 14.0;
				LD_RUNPATH_SEARCH_PATHS = (
					"$(inherited)",
					"@executable_path/Frameworks",
					"@loader_path/Frameworks",
				);
				PRODUCT_BUNDLE_IDENTIFIER = "com.seriousmonkey.Fastlane-Screenshots";
				PRODUCT_NAME = "$(TARGET_NAME)";
				PROVISIONING_PROFILE_SPECIFIER = "";
				"PROVISIONING_PROFILE_SPECIFIER[sdk=macosx*]" = "";
				SWIFT_VERSION = 5.0;
				TARGETED_DEVICE_FAMILY = "1,2";
				TEST_TARGET_NAME = ThreeT;
			};
			name = Debug;
		};
		68CF0800252786AF0054808B /* Release */ = {
			isa = XCBuildConfiguration;
			buildSettings = {
				CODE_SIGN_IDENTITY = "Apple Development";
				"CODE_SIGN_IDENTITY[sdk=macosx*]" = "Apple Development";
				CODE_SIGN_STYLE = Automatic;
				INFOPLIST_FILE = "Fastlane Screenshots/Info.plist";
				IPHONEOS_DEPLOYMENT_TARGET = 14.0;
				LD_RUNPATH_SEARCH_PATHS = (
					"$(inherited)",
					"@executable_path/Frameworks",
					"@loader_path/Frameworks",
				);
				PRODUCT_BUNDLE_IDENTIFIER = "com.seriousmonkey.Fastlane-Screenshots";
				PRODUCT_NAME = "$(TARGET_NAME)";
				PROVISIONING_PROFILE_SPECIFIER = "";
				"PROVISIONING_PROFILE_SPECIFIER[sdk=macosx*]" = "";
				SWIFT_VERSION = 5.0;
				TARGETED_DEVICE_FAMILY = "1,2";
				TEST_TARGET_NAME = ThreeT;
			};
			name = Release;
		};
/* End XCBuildConfiguration section */

/* Begin XCConfigurationList section */
		68765DA82432BE80004F84E9 /* Build configuration list for PBXProject "ThreeT" */ = {
			isa = XCConfigurationList;
			buildConfigurations = (
				68765DBF2432BE84004F84E9 /* Debug */,
				68765DC02432BE84004F84E9 /* Release */,
			);
			defaultConfigurationIsVisible = 0;
			defaultConfigurationName = Release;
		};
		68765DC12432BE84004F84E9 /* Build configuration list for PBXNativeTarget "ThreeT" */ = {
			isa = XCConfigurationList;
			buildConfigurations = (
				68765DC22432BE84004F84E9 /* Debug */,
				68765DC32432BE84004F84E9 /* Release */,
			);
			defaultConfigurationIsVisible = 0;
			defaultConfigurationName = Release;
		};
		68CF07FE252786AF0054808B /* Build configuration list for PBXNativeTarget "Fastlane Screenshots" */ = {
			isa = XCConfigurationList;
			buildConfigurations = (
				68CF07FF252786AF0054808B /* Debug */,
				68CF0800252786AF0054808B /* Release */,
			);
			defaultConfigurationIsVisible = 0;
			defaultConfigurationName = Release;
		};
/* End XCConfigurationList section */
	};
	rootObject = 68765DA52432BE80004F84E9 /* Project object */;
}
